# THIS IS AN AUTOGENERATED FILE. DO NOT EDIT THIS FILE DIRECTLY.
# yarn lockfile v1


influx@^5.9.2:
  version "5.9.2"
  resolved "https://registry.yarnpkg.com/influx/-/influx-5.9.2.tgz#10711f7573058b1f0752c57f8f2ab13dbab9788a"
  integrity sha512-N2YRIQiwCO60BzmzEzTxyWj/hDNsce2CLSmki8S1qbRwwuKecfvC6n0OwJrFV70lk5CpU/sLsOZFIy6PP01nOA==
